PODS:
  - Capacitor (6.1.2):
    - CapacitorCordova
  - CapacitorApp (6.0.1):
    - Capacitor
  - CapacitorCordova (6.1.2)
  - CapacitorFilesystem (6.0.1):
    - Capacitor
  - CapacitorKeyboard (6.0.2):
    - Capacitor
  - CapacitorPluginSafeArea (3.0.3):
    - Capacitor
  - CapacitorScreenOrientation (6.0.2):
    - Capacitor
  - CapacitorWidgetsbridgePlugin (0.1.2):
    - Capacitor
  - EbarooniCapacitorCalendar (6.7.1):
    - Capacitor

DEPENDENCIES:
  - "Capacitor (from `../../node_modules/@capacitor/ios`)"
  - "CapacitorApp (from `../../node_modules/@capacitor/app`)"
  - "CapacitorCordova (from `../../node_modules/@capacitor/ios`)"
  - "CapacitorFilesystem (from `../../node_modules/@capacitor/filesystem`)"
  - "CapacitorKeyboard (from `../../node_modules/@capacitor/keyboard`)"
  - CapacitorPluginSafeArea (from `../../node_modules/capacitor-plugin-safe-area`)
  - "CapacitorScreenOrientation (from `../../node_modules/@capacitor/screen-orientation`)"
  - CapacitorWidgetsbridgePlugin (from `../../node_modules/capacitor-widgetsbridge-plugin`)
  - "EbarooniCapacitorCalendar (from `../../node_modules/@ebarooni/capacitor-calendar`)"

EXTERNAL SOURCES:
  Capacitor:
    :path: "../../node_modules/@capacitor/ios"
  CapacitorApp:
    :path: "../../node_modules/@capacitor/app"
  CapacitorCordova:
    :path: "../../node_modules/@capacitor/ios"
  CapacitorFilesystem:
    :path: "../../node_modules/@capacitor/filesystem"
  CapacitorKeyboard:
    :path: "../../node_modules/@capacitor/keyboard"
  CapacitorPluginSafeArea:
    :path: "../../node_modules/capacitor-plugin-safe-area"
  CapacitorScreenOrientation:
    :path: "../../node_modules/@capacitor/screen-orientation"
  CapacitorWidgetsbridgePlugin:
    :path: "../../node_modules/capacitor-widgetsbridge-plugin"
  EbarooniCapacitorCalendar:
    :path: "../../node_modules/@ebarooni/capacitor-calendar"

SPEC CHECKSUMS:
  Capacitor: 679f9673fdf30597493a6362a5d5bf233d46abc2
  CapacitorApp: 0bc633b4eae40a1f32cd2834788fad3bc42da6a1
  CapacitorCordova: f48c89f96c319101cd2f0ce8a2b7449b5fb8b3dd
  CapacitorFilesystem: 37fb3aa5c945b4539ab11c74a5c57925a302bf24
  CapacitorKeyboard: 2700f9b18687be021e28b5a09b59eb151a46d5e0
  CapacitorPluginSafeArea: e1eca7f70974f0e270d96f70cd0a5f51523164b1
  CapacitorScreenOrientation: 6039dc2ea4a8596b79316709d5727e8bb7e32845
  CapacitorWidgetsbridgePlugin: 384cf6a56ba2a3ee6d199579f5403723e766b958
  EbarooniCapacitorCalendar: c187214b879364f7af240c4fcf8a54a386280fe5

PODFILE CHECKSUM: 5ee0148897af972cf33d4015cbadd37feb81886a

COCOAPODS: 1.16.2
